<?xml version="1.0" encoding="utf-8"?>
<Project ToolsVersion="4.0" xmlns="http://schemas.microsoft.com/developer/msbuild/2003">
  <ItemGroup>
    <Filter Include="Source Files">
      <UniqueIdentifier>{4FC737F1-C7A5-4376-A066-2A32D752A2FF}</UniqueIdentifier>
      <Extensions>cpp;c;cc;cxx;def;odl;idl;hpj;bat;asm;asmx</Extensions>
    </Filter>
    <Filter Include="Header Files">
      <UniqueIdentifier>{93995380-89BD-4b04-88EB-625FBE52EBFB}</UniqueIdentifier>
      <Extensions>h;hh;hpp;hxx;hm;inl;inc;xsd</Extensions>
    </Filter>
    <Filter Include="Resource Files">
      <UniqueIdentifier>{67DA6AB6-F800-4c08-8B7A-83BB121AAD01}</UniqueIdentifier>
      <Extensions>rc;ico;cur;bmp;dlg;rc2;rct;bin;rgs;gif;jpg;jpeg;jpe;resx;tiff;tif;png;wav;mfcribbon-ms</Extensions>
    </Filter>
    <Filter Include="Header Files\leetcode">
      <UniqueIdentifier>{c5da28eb-5252-4aa1-8987-9c95f47fd8f8}</UniqueIdentifier>
    </Filter>
    <Filter Include="Header Files\DataStructure">
      <UniqueIdentifier>{f55953c4-d2aa-4822-9565-992b7a070b8f}</UniqueIdentifier>
    </Filter>
    <Filter Include="Header Files\CareerCup">
      <UniqueIdentifier>{f6b3719b-be0e-4931-81c3-53710f1da5e9}</UniqueIdentifier>
    </Filter>
    <Filter Include="Header Files\DesignPattern">
      <UniqueIdentifier>{060fd0c1-4458-48ce-b6da-ad716b190429}</UniqueIdentifier>
    </Filter>
    <Filter Include="Header Files\CareerCup\BitsManipulation">
      <UniqueIdentifier>{7c954157-afbf-4dda-9f74-69cb3a332405}</UniqueIdentifier>
    </Filter>
    <Filter Include="Header Files\CareerCup\Linked List">
      <UniqueIdentifier>{dac242e3-0970-4ce1-9d70-c9013c642361}</UniqueIdentifier>
    </Filter>
    <Filter Include="Header Files\CareerCup\Array">
      <UniqueIdentifier>{98ebea4b-848f-4f81-b344-5c41a4fe1ca4}</UniqueIdentifier>
    </Filter>
    <Filter Include="Header Files\CareerCup\DP">
      <UniqueIdentifier>{e144f4a6-3136-4d4d-b834-fc0d8e489375}</UniqueIdentifier>
    </Filter>
  </ItemGroup>
  <ItemGroup>
    <Text Include="ReadMe.txt" />
  </ItemGroup>
  <ItemGroup>
    <ClInclude Include="Include\leetcode\AddBinary.h">
      <Filter>Header Files\leetcode</Filter>
    </ClInclude>
    <ClInclude Include="Include\leetcode\BestToBuyAndSellStock.h">
      <Filter>Header Files\leetcode</Filter>
    </ClInclude>
    <ClInclude Include="Include\leetcode\BinaryTreeLevelOrderTraversal.h">
      <Filter>Header Files\leetcode</Filter>
    </ClInclude>
    <ClInclude Include="Include\leetcode\BinaryTreeMaximumPathSum.h">
      <Filter>Header Files\leetcode</Filter>
    </ClInclude>
    <ClInclude Include="Include\leetcode\Candy.h">
      <Filter>Header Files\leetcode</Filter>
    </ClInclude>
    <ClInclude Include="Include\leetcode\CloneGraph.h">
      <Filter>Header Files\leetcode</Filter>
    </ClInclude>
    <ClInclude Include="Include\leetcode\ConstructBinaryTree.h">
      <Filter>Header Files\leetcode</Filter>
    </ClInclude>
    <ClInclude Include="Include\leetcode\CopyListwithRandomPointer.h">
      <Filter>Header Files\leetcode</Filter>
    </ClInclude>
    <ClInclude Include="Include\leetcode\DecodingWays.h">
      <Filter>Header Files\leetcode</Filter>
    </ClInclude>
    <ClInclude Include="Include\leetcode\DivideTwoInteger.h">
      <Filter>Header Files\leetcode</Filter>
    </ClInclude>
    <ClInclude Include="Include\leetcode\EditDistance.h">
      <Filter>Header Files\leetcode</Filter>
    </ClInclude>
    <ClInclude Include="Include\leetcode\EvaluateReversePolishNotation.h">
      <Filter>Header Files\leetcode</Filter>
    </ClInclude>
    <ClInclude Include="Include\leetcode\FindFirstMissingPositiveNumber.h">
      <Filter>Header Files\leetcode</Filter>
    </ClInclude>
    <ClInclude Include="Include\leetcode\FindKthSmallestInTowSortedArray.h">
      <Filter>Header Files\leetcode</Filter>
    </ClInclude>
    <ClInclude Include="Include\leetcode\FindMinimuminRotatedSortedArray.h">
      <Filter>Header Files\leetcode</Filter>
    </ClInclude>
    <ClInclude Include="Include\leetcode\FlattenBinaryTreeToLinkedList.h">
      <Filter>Header Files\leetcode</Filter>
    </ClInclude>
    <ClInclude Include="Include\leetcode\GasStation.h">
      <Filter>Header Files\leetcode</Filter>
    </ClInclude>
    <ClInclude Include="Include\leetcode\GrayCode.h">
      <Filter>Header Files\leetcode</Filter>
    </ClInclude>
    <ClInclude Include="Include\leetcode\ImplementstrStr.h">
      <Filter>Header Files\leetcode</Filter>
    </ClInclude>
    <ClInclude Include="Include\leetcode\InsertionSortList.h">
      <Filter>Header Files\leetcode</Filter>
    </ClInclude>
    <ClInclude Include="Include\leetcode\JumpGame.h">
      <Filter>Header Files\leetcode</Filter>
    </ClInclude>
    <ClInclude Include="Include\leetcode\LengthofLastWord.h">
      <Filter>Header Files\leetcode</Filter>
    </ClInclude>
    <ClInclude Include="Include\leetcode\LinkedListCycle.h">
      <Filter>Header Files\leetcode</Filter>
    </ClInclude>
    <ClInclude Include="Include\leetcode\LongestConsecutiveSequence.h">
      <Filter>Header Files\leetcode</Filter>
    </ClInclude>
    <ClInclude Include="Include\leetcode\LongestPalindromicSubstring.h">
      <Filter>Header Files\leetcode</Filter>
    </ClInclude>
    <ClInclude Include="Include\leetcode\LongestSubstringWithoutRepeatingCharacters.h">
      <Filter>Header Files\leetcode</Filter>
    </ClInclude>
    <ClInclude Include="Include\leetcode\longestValidParentheses.h">
      <Filter>Header Files\leetcode</Filter>
    </ClInclude>
    <ClInclude Include="Include\leetcode\LRUCache.h">
      <Filter>Header Files\leetcode</Filter>
    </ClInclude>
    <ClInclude Include="Include\leetcode\MaximalRectangle.h">
      <Filter>Header Files\leetcode</Filter>
    </ClInclude>
    <ClInclude Include="Include\leetcode\MaximumDepth.h">
      <Filter>Header Files\leetcode</Filter>
    </ClInclude>
    <ClInclude Include="Include\leetcode\MaximumProductSubarray.h">
      <Filter>Header Files\leetcode</Filter>
    </ClInclude>
    <ClInclude Include="Include\leetcode\MaxPointsOnALine.h">
      <Filter>Header Files\leetcode</Filter>
    </ClInclude>
    <ClInclude Include="Include\leetcode\MergeKSortedList.h">
      <Filter>Header Files\leetcode</Filter>
    </ClInclude>
    <ClInclude Include="Include\leetcode\MergeTowSortedList.h">
      <Filter>Header Files\leetcode</Filter>
    </ClInclude>
    <ClInclude Include="Include\leetcode\MinPathSum.h">
      <Filter>Header Files\leetcode</Filter>
    </ClInclude>
    <ClInclude Include="Include\leetcode\NQueens.h">
      <Filter>Header Files\leetcode</Filter>
    </ClInclude>
    <ClInclude Include="Include\leetcode\PalindromeNumber.h">
      <Filter>Header Files\leetcode</Filter>
    </ClInclude>
    <ClInclude Include="Include\leetcode\PalindromePartitioning2.h">
      <Filter>Header Files\leetcode</Filter>
    </ClInclude>
    <ClInclude Include="Include\leetcode\PartitionList.h">
      <Filter>Header Files\leetcode</Filter>
    </ClInclude>
    <ClInclude Include="Include\leetcode\PathSum.h">
      <Filter>Header Files\leetcode</Filter>
    </ClInclude>
    <ClInclude Include="Include\leetcode\PathSum2.h">
      <Filter>Header Files\leetcode</Filter>
    </ClInclude>
    <ClInclude Include="Include\leetcode\RegularExpressMatching.h">
      <Filter>Header Files\leetcode</Filter>
    </ClInclude>
    <ClInclude Include="Include\leetcode\RemoveDuplicatesFromSortedArray.h">
      <Filter>Header Files\leetcode</Filter>
    </ClInclude>
    <ClInclude Include="Include\leetcode\RemoveNthNodeFromEndofList.h">
      <Filter>Header Files\leetcode</Filter>
    </ClInclude>
    <ClInclude Include="Include\leetcode\ReorderList.h">
      <Filter>Header Files\leetcode</Filter>
    </ClInclude>
    <ClInclude Include="Include\leetcode\ReverseLinkedList.h">
      <Filter>Header Files\leetcode</Filter>
    </ClInclude>
    <ClInclude Include="Include\leetcode\ReverserInteger.h">
      <Filter>Header Files\leetcode</Filter>
    </ClInclude>
    <ClInclude Include="Include\leetcode\ReverseWord.h">
      <Filter>Header Files\leetcode</Filter>
    </ClInclude>
    <ClInclude Include="Include\leetcode\SetColor.h">
      <Filter>Header Files\leetcode</Filter>
    </ClInclude>
    <ClInclude Include="Include\leetcode\SetMatrixZeroes.h">
      <Filter>Header Files\leetcode</Filter>
    </ClInclude>
    <ClInclude Include="Include\leetcode\SubSets.h">
      <Filter>Header Files\leetcode</Filter>
    </ClInclude>
    <ClInclude Include="Include\leetcode\SubstringwithConcatenationofAllWords.h">
      <Filter>Header Files\leetcode</Filter>
    </ClInclude>
    <ClInclude Include="Include\leetcode\SumRootToLeafNumbers.h">
      <Filter>Header Files\leetcode</Filter>
    </ClInclude>
    <ClInclude Include="Include\leetcode\SwapNodesinPairs.h">
      <Filter>Header Files\leetcode</Filter>
    </ClInclude>
    <ClInclude Include="Include\leetcode\TrappingRainingWater.h">
      <Filter>Header Files\leetcode</Filter>
    </ClInclude>
    <ClInclude Include="Include\leetcode\UniqueBinarySearchTrees.h">
      <Filter>Header Files\leetcode</Filter>
    </ClInclude>
    <ClInclude Include="Include\leetcode\ValidSudoku.h">
      <Filter>Header Files\leetcode</Filter>
    </ClInclude>
    <ClInclude Include="Include\leetcode\WordBreak.h">
      <Filter>Header Files\leetcode</Filter>
    </ClInclude>
    <ClInclude Include="Include\leetcode\WordBreak2.h">
      <Filter>Header Files\leetcode</Filter>
    </ClInclude>
    <ClInclude Include="Include\leetcode\WordLadder.h">
      <Filter>Header Files\leetcode</Filter>
    </ClInclude>
    <ClInclude Include="Include\leetcode\ZigZagConversion.h">
      <Filter>Header Files\leetcode</Filter>
    </ClInclude>
    <ClInclude Include="Include\CareerCup\Anagram.h">
      <Filter>Header Files\CareerCup</Filter>
    </ClInclude>
    <ClInclude Include="Include\CareerCup\BinaryToHex.h">
      <Filter>Header Files\CareerCup</Filter>
    </ClInclude>
    <ClInclude Include="Include\CareerCup\DeleteKDigits.h">
      <Filter>Header Files\CareerCup</Filter>
    </ClInclude>
    <ClInclude Include="Include\CareerCup\DeleteMiddleNode.h">
      <Filter>Header Files\CareerCup</Filter>
    </ClInclude>
    <ClInclude Include="Include\CareerCup\DetectCycle.h">
      <Filter>Header Files\CareerCup</Filter>
    </ClInclude>
    <ClInclude Include="Include\CareerCup\ExpressionEvaluation.h">
      <Filter>Header Files\CareerCup</Filter>
    </ClInclude>
    <ClInclude Include="Include\CareerCup\FindKthTopResult.h">
      <Filter>Header Files\CareerCup</Filter>
    </ClInclude>
    <ClInclude Include="Include\CareerCup\IsBalancaTree.h">
      <Filter>Header Files\CareerCup</Filter>
    </ClInclude>
    <ClInclude Include="Include\CareerCup\LongestCommonSubsequence.h">
      <Filter>Header Files\CareerCup</Filter>
    </ClInclude>
    <ClInclude Include="Include\CareerCup\MaximumDistanceInArray.h">
      <Filter>Header Files\CareerCup</Filter>
    </ClInclude>
    <ClInclude Include="Include\CareerCup\MaximumSubarray.h">
      <Filter>Header Files\CareerCup</Filter>
    </ClInclude>
    <ClInclude Include="Include\CareerCup\MergeSortLinkedList.h">
      <Filter>Header Files\CareerCup</Filter>
    </ClInclude>
    <ClInclude Include="Include\CareerCup\Multiplication.h">
      <Filter>Header Files\CareerCup</Filter>
    </ClInclude>
    <ClInclude Include="Include\CareerCup\Permutation.h">
      <Filter>Header Files\CareerCup</Filter>
    </ClInclude>
    <ClInclude Include="Include\CareerCup\PrintNodeWithSkips.h">
      <Filter>Header Files\CareerCup</Filter>
    </ClInclude>
    <ClInclude Include="Include\CareerCup\RemoveDuplicatesInLinkedList.h">
      <Filter>Header Files\CareerCup</Filter>
    </ClInclude>
    <ClInclude Include="Include\CareerCup\SubSet.h">
      <Filter>Header Files\CareerCup</Filter>
    </ClInclude>
    <ClInclude Include="Include\CareerCup\ValidPushPopSequence.h">
      <Filter>Header Files\CareerCup</Filter>
    </ClInclude>
    <ClInclude Include="Include\DataStructure\BinarySearch.h">
      <Filter>Header Files\DataStructure</Filter>
    </ClInclude>
    <ClInclude Include="Include\DataStructure\BinaryTree.h">
      <Filter>Header Files\DataStructure</Filter>
    </ClInclude>
    <ClInclude Include="Include\DataStructure\Graph.h">
      <Filter>Header Files\DataStructure</Filter>
    </ClInclude>
    <ClInclude Include="Include\DataStructure\MinStack.h">
      <Filter>Header Files\DataStructure</Filter>
    </ClInclude>
    <ClInclude Include="Include\DataStructure\QueueFromStack.h">
      <Filter>Header Files\DataStructure</Filter>
    </ClInclude>
    <ClInclude Include="Include\DataStructure\ShortestPathInGraph.h">
      <Filter>Header Files\DataStructure</Filter>
    </ClInclude>
    <ClInclude Include="Include\DataStructure\Sorting.h">
      <Filter>Header Files\DataStructure</Filter>
    </ClInclude>
    <ClInclude Include="Include\stdafx.h">
      <Filter>Header Files</Filter>
    </ClInclude>
    <ClInclude Include="Include\targetver.h">
      <Filter>Header Files</Filter>
    </ClInclude>
    <ClInclude Include="Include\leetcode\HouseRobber.h">
      <Filter>Header Files\leetcode</Filter>
    </ClInclude>
    <ClInclude Include="Include\leetcode\LargestNumber.h">
      <Filter>Header Files\leetcode</Filter>
    </ClInclude>
    <ClInclude Include="Include\leetcode\LowestCommonAncestor.h">
      <Filter>Header Files\leetcode</Filter>
    </ClInclude>
    <ClInclude Include="Include\leetcode\BinarySearchTreeIterator.h">
      <Filter>Header Files\leetcode</Filter>
    </ClInclude>
    <ClInclude Include="Include\CareerCup\Combinations.h">
      <Filter>Header Files\CareerCup</Filter>
    </ClInclude>
    <ClInclude Include="Include\CareerCup\FloodFill.h">
      <Filter>Header Files\CareerCup</Filter>
    </ClInclude>
    <ClInclude Include="Include\leetcode\NumberOfIslands.h">
      <Filter>Header Files\leetcode</Filter>
    </ClInclude>
    <ClInclude Include="Include\leetcode\DungeonGame.h">
      <Filter>Header Files\leetcode</Filter>
    </ClInclude>
    <ClInclude Include="Include\leetcode\FindPeakElement.h">
      <Filter>Header Files\leetcode</Filter>
    </ClInclude>
    <ClInclude Include="Include\leetcode\ExcelSheetColumnNumber.h">
      <Filter>Header Files\leetcode</Filter>
    </ClInclude>
    <ClInclude Include="Include\leetcode\ExcelSheetColumnTitle.h">
      <Filter>Header Files\leetcode</Filter>
    </ClInclude>
    <ClInclude Include="Include\leetcode\SpiralMatrix.h">
      <Filter>Header Files\leetcode</Filter>
    </ClInclude>
    <ClInclude Include="Include\CareerCup\ConstructTreeFromInorderAndPreorder.h">
      <Filter>Header Files\CareerCup</Filter>
    </ClInclude>
    <ClInclude Include="Include\leetcode\HappyNumber.h">
      <Filter>Header Files\leetcode</Filter>
    </ClInclude>
    <ClInclude Include="Include\leetcode\BitwiseAndRange.h">
      <Filter>Header Files\leetcode</Filter>
    </ClInclude>
    <ClInclude Include="Include\leetcode\CountPrimes.h">
      <Filter>Header Files\leetcode</Filter>
    </ClInclude>
    <ClInclude Include="Include\leetcode\SurroundedRegions.h">
      <Filter>Header Files\leetcode</Filter>
    </ClInclude>
    <ClInclude Include="Include\leetcode\SudokuSolver.h">
      <Filter>Header Files\leetcode</Filter>
    </ClInclude>
    <ClInclude Include="Include\leetcode\Triangle.h">
      <Filter>Header Files\leetcode</Filter>
    </ClInclude>
    <ClInclude Include="Include\leetcode\LengthOfLongestSubstring.h">
      <Filter>Header Files\leetcode</Filter>
    </ClInclude>
    <ClInclude Include="Include\leetcode\IsomorphicStrings.h">
      <Filter>Header Files\leetcode</Filter>
    </ClInclude>
    <ClInclude Include="Include\leetcode\BasicCalculator.h">
      <Filter>Header Files\leetcode</Filter>
    </ClInclude>
    <ClInclude Include="Include\leetcode\ImplementStackUsingQueues.h">
      <Filter>Header Files\leetcode</Filter>
    </ClInclude>
    <ClInclude Include="Include\leetcode\RectangleArea.h">
      <Filter>Header Files\leetcode</Filter>
    </ClInclude>
    <ClInclude Include="Include\CareerCup\ClosestPairs.h">
      <Filter>Header Files\CareerCup</Filter>
    </ClInclude>
    <ClInclude Include="Include\DesignPattern\Singleton.h">
      <Filter>Header Files\DesignPattern</Filter>
    </ClInclude>
    <ClInclude Include="Include\DesignPattern\Observer.h">
      <Filter>Header Files\DesignPattern</Filter>
    </ClInclude>
    <ClInclude Include="Include\leetcode\ImplementQueueUsingStack.h">
      <Filter>Header Files\leetcode</Filter>
    </ClInclude>
    <ClInclude Include="Include\leetcode\KthSmallestElementInBST.h">
      <Filter>Header Files\leetcode</Filter>
    </ClInclude>
    <ClInclude Include="Include\CareerCup\FindKthSmallest.h">
      <Filter>Header Files\CareerCup</Filter>
    </ClInclude>
    <ClInclude Include="Include\CareerCup\Addition.h">
      <Filter>Header Files\CareerCup\BitsManipulation</Filter>
    </ClInclude>
    <ClInclude Include="Include\CareerCup\AddTowNumbersAsLinkedList.h">
      <Filter>Header Files\CareerCup\Linked List</Filter>
    </ClInclude>
    <ClInclude Include="Include\CareerCup\CoinMakeChange.h">
      <Filter>Header Files\CareerCup\DP</Filter>
    </ClInclude>
    <ClInclude Include="Include\CareerCup\NumberOf1Bit.h">
      <Filter>Header Files\CareerCup\BitsManipulation</Filter>
    </ClInclude>
  </ItemGroup>
  <ItemGroup>
    <ClCompile Include="stdafx.cpp">
      <Filter>Source Files</Filter>
    </ClCompile>
    <ClCompile Include="CPP.cpp">
      <Filter>Source Files</Filter>
    </ClCompile>
  </ItemGroup>
</Project>