<?xml version="1.0" encoding="utf-8"?>
<Project ToolsVersion="4.0" xmlns="http://schemas.microsoft.com/developer/msbuild/2003">
  <ItemGroup>
    <Filter Include="Source Files">
      <UniqueIdentifier>{4FC737F1-C7A5-4376-A066-2A32D752A2FF}</UniqueIdentifier>
      <Extensions>cpp;c;cc;cxx;def;odl;idl;hpj;bat;asm;asmx</Extensions>
    </Filter>
    <Filter Include="Header Files">
      <UniqueIdentifier>{93995380-89BD-4b04-88EB-625FBE52EBFB}</UniqueIdentifier>
      <Extensions>h;hh;hpp;hxx;hm;inl;inc;xsd</Extensions>
    </Filter>
    <Filter Include="Resource Files">
      <UniqueIdentifier>{67DA6AB6-F800-4c08-8B7A-83BB121AAD01}</UniqueIdentifier>
      <Extensions>rc;ico;cur;bmp;dlg;rc2;rct;bin;rgs;gif;jpg;jpeg;jpe;resx;tiff;tif;png;wav;mfcribbon-ms</Extensions>
    </Filter>
    <Filter Include="Header Files\leetcode">
      <UniqueIdentifier>{c5da28eb-5252-4aa1-8987-9c95f47fd8f8}</UniqueIdentifier>
    </Filter>
    <Filter Include="Header Files\DataStructure">
      <UniqueIdentifier>{f55953c4-d2aa-4822-9565-992b7a070b8f}</UniqueIdentifier>
    </Filter>
    <Filter Include="Header Files\CareerCup">
      <UniqueIdentifier>{f6b3719b-be0e-4931-81c3-53710f1da5e9}</UniqueIdentifier>
    </Filter>
    <Filter Include="Header Files\DesignPattern">
      <UniqueIdentifier>{060fd0c1-4458-48ce-b6da-ad716b190429}</UniqueIdentifier>
    </Filter>
    <Filter Include="Header Files\CareerCup\BitsManipulation">
      <UniqueIdentifier>{7c954157-afbf-4dda-9f74-69cb3a332405}</UniqueIdentifier>
    </Filter>
    <Filter Include="Header Files\CareerCup\Linked List">
      <UniqueIdentifier>{dac242e3-0970-4ce1-9d70-c9013c642361}</UniqueIdentifier>
    </Filter>
    <Filter Include="Header Files\CareerCup\Array">
      <UniqueIdentifier>{98ebea4b-848f-4f81-b344-5c41a4fe1ca4}</UniqueIdentifier>
    </Filter>
    <Filter Include="Header Files\CareerCup\DP">
      <UniqueIdentifier>{e144f4a6-3136-4d4d-b834-fc0d8e489375}</UniqueIdentifier>
    </Filter>
    <Filter Include="Header Files\CareerCup\Tree">
      <UniqueIdentifier>{94280627-f7d7-47dd-aaae-012b352f0e48}</UniqueIdentifier>
    </Filter>
    <Filter Include="Header Files\CareerCup\String">
      <UniqueIdentifier>{2fb80d52-c6e6-483d-8fc1-2c31c1659477}</UniqueIdentifier>
    </Filter>
    <Filter Include="Header Files\lintcode">
      <UniqueIdentifier>{85741fa4-6b32-4c0c-941f-572050aa3093}</UniqueIdentifier>
    </Filter>
    <Filter Include="Header Files\lintcode\BinarySearch">
      <UniqueIdentifier>{a88746e0-e307-4bf0-bf36-8e5be2180f62}</UniqueIdentifier>
    </Filter>
    <Filter Include="Header Files\lintcode\DP">
      <UniqueIdentifier>{87ddde2f-2e80-43e1-b3bf-f333f1825795}</UniqueIdentifier>
    </Filter>
    <Filter Include="Header Files\lintcode\BitAndMath">
      <UniqueIdentifier>{94835751-9db2-4559-9ac0-6cc2049ae2dd}</UniqueIdentifier>
    </Filter>
    <Filter Include="Header Files\CareerCup\DivideConquer">
      <UniqueIdentifier>{d9594a14-f7d3-4022-b15d-9cbdca458d70}</UniqueIdentifier>
    </Filter>
    <Filter Include="Header Files\lintcode\String">
      <UniqueIdentifier>{e09ee6b2-29d9-4dcd-883b-7fba1244042f}</UniqueIdentifier>
    </Filter>
    <Filter Include="Header Files\lintcode\Linked List">
      <UniqueIdentifier>{e4a4a5b3-697d-4750-b6f8-16267af269de}</UniqueIdentifier>
    </Filter>
    <Filter Include="Header Files\DataStructure\Tree">
      <UniqueIdentifier>{afbae285-8649-425e-8e0f-78ebb549ca9a}</UniqueIdentifier>
    </Filter>
    <Filter Include="Header Files\lintcode\Tree">
      <UniqueIdentifier>{def1110a-cee2-434d-8403-c29e2866cdcb}</UniqueIdentifier>
    </Filter>
    <Filter Include="Header Files\lintcode\Graph">
      <UniqueIdentifier>{90974f2f-c8c8-4d53-b5ec-b356c6baa23c}</UniqueIdentifier>
    </Filter>
    <Filter Include="Header Files\lintcode\Greedy">
      <UniqueIdentifier>{232723fe-8472-44dd-a3ab-51477c72cbbc}</UniqueIdentifier>
    </Filter>
    <Filter Include="Header Files\CareerCup\Greedy">
      <UniqueIdentifier>{a379c448-4c36-4e89-b527-4dfd90891fde}</UniqueIdentifier>
    </Filter>
    <Filter Include="Header Files\lintcode\Recursion">
      <UniqueIdentifier>{d00d0863-a3d4-4528-92d1-ce833a9b600d}</UniqueIdentifier>
    </Filter>
    <Filter Include="Header Files\lintcode\DataStructure">
      <UniqueIdentifier>{36246c7d-9740-4915-a548-be72a8d9e184}</UniqueIdentifier>
    </Filter>
    <Filter Include="Header Files\lintcode\Array">
      <UniqueIdentifier>{ac57b036-8ad3-407f-b0f2-7fbb03649c32}</UniqueIdentifier>
    </Filter>
    <Filter Include="Header Files\CareerCup\Graph">
      <UniqueIdentifier>{f3a3c34f-6fe8-42a2-b232-a87ffe80a4e5}</UniqueIdentifier>
    </Filter>
    <Filter Include="Header Files\CareerCup\DFS BFS">
      <UniqueIdentifier>{e1279a60-2bbc-407c-9587-67b8cf63f7c2}</UniqueIdentifier>
    </Filter>
    <Filter Include="Header Files\CareerCup\Amazon">
      <UniqueIdentifier>{0e242233-493a-4661-ae9c-1124496d143d}</UniqueIdentifier>
    </Filter>
    <Filter Include="Header Files\CareerCup\Google">
      <UniqueIdentifier>{804a0f55-d080-4810-82f1-750713619009}</UniqueIdentifier>
    </Filter>
    <Filter Include="Header Files\CareerCup\OO Design">
      <UniqueIdentifier>{aedf5f01-3628-4844-8b93-96a0574f07f0}</UniqueIdentifier>
    </Filter>
  </ItemGroup>
  <ItemGroup>
    <Text Include="ReadMe.txt" />
  </ItemGroup>
  <ItemGroup>
    <ClInclude Include="Include\leetcode\AddBinary.h">
      <Filter>Header Files\leetcode</Filter>
    </ClInclude>
    <ClInclude Include="Include\leetcode\BestToBuyAndSellStock.h">
      <Filter>Header Files\leetcode</Filter>
    </ClInclude>
    <ClInclude Include="Include\leetcode\BinaryTreeLevelOrderTraversal.h">
      <Filter>Header Files\leetcode</Filter>
    </ClInclude>
    <ClInclude Include="Include\leetcode\BinaryTreeMaximumPathSum.h">
      <Filter>Header Files\leetcode</Filter>
    </ClInclude>
    <ClInclude Include="Include\leetcode\Candy.h">
      <Filter>Header Files\leetcode</Filter>
    </ClInclude>
    <ClInclude Include="Include\leetcode\CloneGraph.h">
      <Filter>Header Files\leetcode</Filter>
    </ClInclude>
    <ClInclude Include="Include\leetcode\ConstructBinaryTree.h">
      <Filter>Header Files\leetcode</Filter>
    </ClInclude>
    <ClInclude Include="Include\leetcode\CopyListwithRandomPointer.h">
      <Filter>Header Files\leetcode</Filter>
    </ClInclude>
    <ClInclude Include="Include\leetcode\DecodingWays.h">
      <Filter>Header Files\leetcode</Filter>
    </ClInclude>
    <ClInclude Include="Include\leetcode\DivideTwoInteger.h">
      <Filter>Header Files\leetcode</Filter>
    </ClInclude>
    <ClInclude Include="Include\leetcode\EditDistance.h">
      <Filter>Header Files\leetcode</Filter>
    </ClInclude>
    <ClInclude Include="Include\leetcode\EvaluateReversePolishNotation.h">
      <Filter>Header Files\leetcode</Filter>
    </ClInclude>
    <ClInclude Include="Include\leetcode\FindFirstMissingPositiveNumber.h">
      <Filter>Header Files\leetcode</Filter>
    </ClInclude>
    <ClInclude Include="Include\leetcode\FindKthSmallestInTowSortedArray.h">
      <Filter>Header Files\leetcode</Filter>
    </ClInclude>
    <ClInclude Include="Include\leetcode\FindMinimuminRotatedSortedArray.h">
      <Filter>Header Files\leetcode</Filter>
    </ClInclude>
    <ClInclude Include="Include\leetcode\FlattenBinaryTreeToLinkedList.h">
      <Filter>Header Files\leetcode</Filter>
    </ClInclude>
    <ClInclude Include="Include\leetcode\GasStation.h">
      <Filter>Header Files\leetcode</Filter>
    </ClInclude>
    <ClInclude Include="Include\leetcode\GrayCode.h">
      <Filter>Header Files\leetcode</Filter>
    </ClInclude>
    <ClInclude Include="Include\leetcode\ImplementstrStr.h">
      <Filter>Header Files\leetcode</Filter>
    </ClInclude>
    <ClInclude Include="Include\leetcode\InsertionSortList.h">
      <Filter>Header Files\leetcode</Filter>
    </ClInclude>
    <ClInclude Include="Include\leetcode\JumpGame.h">
      <Filter>Header Files\leetcode</Filter>
    </ClInclude>
    <ClInclude Include="Include\leetcode\LengthofLastWord.h">
      <Filter>Header Files\leetcode</Filter>
    </ClInclude>
    <ClInclude Include="Include\leetcode\LinkedListCycle.h">
      <Filter>Header Files\leetcode</Filter>
    </ClInclude>
    <ClInclude Include="Include\leetcode\LongestConsecutiveSequence.h">
      <Filter>Header Files\leetcode</Filter>
    </ClInclude>
    <ClInclude Include="Include\leetcode\LongestPalindromicSubstring.h">
      <Filter>Header Files\leetcode</Filter>
    </ClInclude>
    <ClInclude Include="Include\leetcode\LongestSubstringWithoutRepeatingCharacters.h">
      <Filter>Header Files\leetcode</Filter>
    </ClInclude>
    <ClInclude Include="Include\leetcode\longestValidParentheses.h">
      <Filter>Header Files\leetcode</Filter>
    </ClInclude>
    <ClInclude Include="Include\leetcode\LRUCache.h">
      <Filter>Header Files\leetcode</Filter>
    </ClInclude>
    <ClInclude Include="Include\leetcode\MaximalRectangle.h">
      <Filter>Header Files\leetcode</Filter>
    </ClInclude>
    <ClInclude Include="Include\leetcode\MaximumDepth.h">
      <Filter>Header Files\leetcode</Filter>
    </ClInclude>
    <ClInclude Include="Include\leetcode\MaximumProductSubarray.h">
      <Filter>Header Files\leetcode</Filter>
    </ClInclude>
    <ClInclude Include="Include\leetcode\MaxPointsOnALine.h">
      <Filter>Header Files\leetcode</Filter>
    </ClInclude>
    <ClInclude Include="Include\leetcode\MergeKSortedList.h">
      <Filter>Header Files\leetcode</Filter>
    </ClInclude>
    <ClInclude Include="Include\leetcode\MergeTowSortedList.h">
      <Filter>Header Files\leetcode</Filter>
    </ClInclude>
    <ClInclude Include="Include\leetcode\MinPathSum.h">
      <Filter>Header Files\leetcode</Filter>
    </ClInclude>
    <ClInclude Include="Include\leetcode\NQueens.h">
      <Filter>Header Files\leetcode</Filter>
    </ClInclude>
    <ClInclude Include="Include\leetcode\PalindromeNumber.h">
      <Filter>Header Files\leetcode</Filter>
    </ClInclude>
    <ClInclude Include="Include\leetcode\PalindromePartitioning2.h">
      <Filter>Header Files\leetcode</Filter>
    </ClInclude>
    <ClInclude Include="Include\leetcode\PartitionList.h">
      <Filter>Header Files\leetcode</Filter>
    </ClInclude>
    <ClInclude Include="Include\leetcode\PathSum.h">
      <Filter>Header Files\leetcode</Filter>
    </ClInclude>
    <ClInclude Include="Include\leetcode\PathSum2.h">
      <Filter>Header Files\leetcode</Filter>
    </ClInclude>
    <ClInclude Include="Include\leetcode\RegularExpressMatching.h">
      <Filter>Header Files\leetcode</Filter>
    </ClInclude>
    <ClInclude Include="Include\leetcode\RemoveDuplicatesFromSortedArray.h">
      <Filter>Header Files\leetcode</Filter>
    </ClInclude>
    <ClInclude Include="Include\leetcode\RemoveNthNodeFromEndofList.h">
      <Filter>Header Files\leetcode</Filter>
    </ClInclude>
    <ClInclude Include="Include\leetcode\ReorderList.h">
      <Filter>Header Files\leetcode</Filter>
    </ClInclude>
    <ClInclude Include="Include\leetcode\ReverseLinkedList.h">
      <Filter>Header Files\leetcode</Filter>
    </ClInclude>
    <ClInclude Include="Include\leetcode\ReverserInteger.h">
      <Filter>Header Files\leetcode</Filter>
    </ClInclude>
    <ClInclude Include="Include\leetcode\ReverseWord.h">
      <Filter>Header Files\leetcode</Filter>
    </ClInclude>
    <ClInclude Include="Include\leetcode\SetColor.h">
      <Filter>Header Files\leetcode</Filter>
    </ClInclude>
    <ClInclude Include="Include\leetcode\SetMatrixZeroes.h">
      <Filter>Header Files\leetcode</Filter>
    </ClInclude>
    <ClInclude Include="Include\leetcode\SubSets.h">
      <Filter>Header Files\leetcode</Filter>
    </ClInclude>
    <ClInclude Include="Include\leetcode\SubstringwithConcatenationofAllWords.h">
      <Filter>Header Files\leetcode</Filter>
    </ClInclude>
    <ClInclude Include="Include\leetcode\SumRootToLeafNumbers.h">
      <Filter>Header Files\leetcode</Filter>
    </ClInclude>
    <ClInclude Include="Include\leetcode\SwapNodesinPairs.h">
      <Filter>Header Files\leetcode</Filter>
    </ClInclude>
    <ClInclude Include="Include\leetcode\TrappingRainingWater.h">
      <Filter>Header Files\leetcode</Filter>
    </ClInclude>
    <ClInclude Include="Include\leetcode\UniqueBinarySearchTrees.h">
      <Filter>Header Files\leetcode</Filter>
    </ClInclude>
    <ClInclude Include="Include\leetcode\ValidSudoku.h">
      <Filter>Header Files\leetcode</Filter>
    </ClInclude>
    <ClInclude Include="Include\leetcode\WordBreak.h">
      <Filter>Header Files\leetcode</Filter>
    </ClInclude>
    <ClInclude Include="Include\leetcode\WordBreak2.h">
      <Filter>Header Files\leetcode</Filter>
    </ClInclude>
    <ClInclude Include="Include\leetcode\WordLadder.h">
      <Filter>Header Files\leetcode</Filter>
    </ClInclude>
    <ClInclude Include="Include\leetcode\ZigZagConversion.h">
      <Filter>Header Files\leetcode</Filter>
    </ClInclude>
    <ClInclude Include="Include\CareerCup\DeleteKDigits.h">
      <Filter>Header Files\CareerCup</Filter>
    </ClInclude>
    <ClInclude Include="Include\CareerCup\PrintNodeWithSkips.h">
      <Filter>Header Files\CareerCup</Filter>
    </ClInclude>
    <ClInclude Include="Include\CareerCup\SubSet.h">
      <Filter>Header Files\CareerCup</Filter>
    </ClInclude>
    <ClInclude Include="Include\CareerCup\ValidPushPopSequence.h">
      <Filter>Header Files\CareerCup</Filter>
    </ClInclude>
    <ClInclude Include="Include\DataStructure\BinarySearch.h">
      <Filter>Header Files\DataStructure</Filter>
    </ClInclude>
    <ClInclude Include="Include\DataStructure\Graph.h">
      <Filter>Header Files\DataStructure</Filter>
    </ClInclude>
    <ClInclude Include="Include\DataStructure\MinStack.h">
      <Filter>Header Files\DataStructure</Filter>
    </ClInclude>
    <ClInclude Include="Include\DataStructure\QueueFromStack.h">
      <Filter>Header Files\DataStructure</Filter>
    </ClInclude>
    <ClInclude Include="Include\DataStructure\ShortestPathInGraph.h">
      <Filter>Header Files\DataStructure</Filter>
    </ClInclude>
    <ClInclude Include="Include\DataStructure\Sorting.h">
      <Filter>Header Files\DataStructure</Filter>
    </ClInclude>
    <ClInclude Include="Include\stdafx.h">
      <Filter>Header Files</Filter>
    </ClInclude>
    <ClInclude Include="Include\targetver.h">
      <Filter>Header Files</Filter>
    </ClInclude>
    <ClInclude Include="Include\leetcode\HouseRobber.h">
      <Filter>Header Files\leetcode</Filter>
    </ClInclude>
    <ClInclude Include="Include\leetcode\LargestNumber.h">
      <Filter>Header Files\leetcode</Filter>
    </ClInclude>
    <ClInclude Include="Include\leetcode\LowestCommonAncestor.h">
      <Filter>Header Files\leetcode</Filter>
    </ClInclude>
    <ClInclude Include="Include\leetcode\BinarySearchTreeIterator.h">
      <Filter>Header Files\leetcode</Filter>
    </ClInclude>
    <ClInclude Include="Include\CareerCup\Combinations.h">
      <Filter>Header Files\CareerCup</Filter>
    </ClInclude>
    <ClInclude Include="Include\leetcode\NumberOfIslands.h">
      <Filter>Header Files\leetcode</Filter>
    </ClInclude>
    <ClInclude Include="Include\leetcode\DungeonGame.h">
      <Filter>Header Files\leetcode</Filter>
    </ClInclude>
    <ClInclude Include="Include\leetcode\FindPeakElement.h">
      <Filter>Header Files\leetcode</Filter>
    </ClInclude>
    <ClInclude Include="Include\leetcode\ExcelSheetColumnNumber.h">
      <Filter>Header Files\leetcode</Filter>
    </ClInclude>
    <ClInclude Include="Include\leetcode\ExcelSheetColumnTitle.h">
      <Filter>Header Files\leetcode</Filter>
    </ClInclude>
    <ClInclude Include="Include\leetcode\SpiralMatrix.h">
      <Filter>Header Files\leetcode</Filter>
    </ClInclude>
    <ClInclude Include="Include\leetcode\HappyNumber.h">
      <Filter>Header Files\leetcode</Filter>
    </ClInclude>
    <ClInclude Include="Include\leetcode\BitwiseAndRange.h">
      <Filter>Header Files\leetcode</Filter>
    </ClInclude>
    <ClInclude Include="Include\leetcode\CountPrimes.h">
      <Filter>Header Files\leetcode</Filter>
    </ClInclude>
    <ClInclude Include="Include\leetcode\SurroundedRegions.h">
      <Filter>Header Files\leetcode</Filter>
    </ClInclude>
    <ClInclude Include="Include\leetcode\SudokuSolver.h">
      <Filter>Header Files\leetcode</Filter>
    </ClInclude>
    <ClInclude Include="Include\leetcode\Triangle.h">
      <Filter>Header Files\leetcode</Filter>
    </ClInclude>
    <ClInclude Include="Include\leetcode\LengthOfLongestSubstring.h">
      <Filter>Header Files\leetcode</Filter>
    </ClInclude>
    <ClInclude Include="Include\leetcode\IsomorphicStrings.h">
      <Filter>Header Files\leetcode</Filter>
    </ClInclude>
    <ClInclude Include="Include\leetcode\BasicCalculator.h">
      <Filter>Header Files\leetcode</Filter>
    </ClInclude>
    <ClInclude Include="Include\leetcode\ImplementStackUsingQueues.h">
      <Filter>Header Files\leetcode</Filter>
    </ClInclude>
    <ClInclude Include="Include\leetcode\RectangleArea.h">
      <Filter>Header Files\leetcode</Filter>
    </ClInclude>
    <ClInclude Include="Include\DesignPattern\Singleton.h">
      <Filter>Header Files\DesignPattern</Filter>
    </ClInclude>
    <ClInclude Include="Include\DesignPattern\Observer.h">
      <Filter>Header Files\DesignPattern</Filter>
    </ClInclude>
    <ClInclude Include="Include\leetcode\ImplementQueueUsingStack.h">
      <Filter>Header Files\leetcode</Filter>
    </ClInclude>
    <ClInclude Include="Include\leetcode\KthSmallestElementInBST.h">
      <Filter>Header Files\leetcode</Filter>
    </ClInclude>
    <ClInclude Include="Include\CareerCup\Addition.h">
      <Filter>Header Files\CareerCup\BitsManipulation</Filter>
    </ClInclude>
    <ClInclude Include="Include\CareerCup\AddTowNumbersAsLinkedList.h">
      <Filter>Header Files\CareerCup\Linked List</Filter>
    </ClInclude>
    <ClInclude Include="Include\CareerCup\CoinMakeChange.h">
      <Filter>Header Files\CareerCup\DP</Filter>
    </ClInclude>
    <ClInclude Include="Include\CareerCup\NumberOf1Bit.h">
      <Filter>Header Files\CareerCup\BitsManipulation</Filter>
    </ClInclude>
    <ClInclude Include="Include\CareerCup\BSTtoDoubleLinkedList.h">
      <Filter>Header Files\CareerCup\Tree</Filter>
    </ClInclude>
    <ClInclude Include="Include\leetcode\MajorityElement2.h">
      <Filter>Header Files\leetcode</Filter>
    </ClInclude>
    <ClInclude Include="Include\leetcode\SummaryRanges.h">
      <Filter>Header Files\leetcode</Filter>
    </ClInclude>
    <ClInclude Include="Include\leetcode\CountCompleteTreeNodes.h">
      <Filter>Header Files\leetcode</Filter>
    </ClInclude>
    <ClInclude Include="Include\leetcode\ProductOfArrayExceptSelf.h">
      <Filter>Header Files\leetcode</Filter>
    </ClInclude>
    <ClInclude Include="Include\DataStructure\ProducerConsumer.h">
      <Filter>Header Files\DataStructure</Filter>
    </ClInclude>
    <ClInclude Include="Include\leetcode\Pow.h">
      <Filter>Header Files\leetcode</Filter>
    </ClInclude>
    <ClInclude Include="Include\leetcode\ContainsDuplicate.h">
      <Filter>Header Files\leetcode</Filter>
    </ClInclude>
    <ClInclude Include="Include\CareerCup\ConstructTreeFromInorderAndPreorder.h">
      <Filter>Header Files\CareerCup\Tree</Filter>
    </ClInclude>
    <ClInclude Include="Include\CareerCup\DeleteMiddleNode.h">
      <Filter>Header Files\CareerCup\Linked List</Filter>
    </ClInclude>
    <ClInclude Include="Include\CareerCup\FindKthSmallest.h">
      <Filter>Header Files\CareerCup\Array</Filter>
    </ClInclude>
    <ClInclude Include="Include\CareerCup\IsBalancaTree.h">
      <Filter>Header Files\CareerCup\Tree</Filter>
    </ClInclude>
    <ClInclude Include="Include\CareerCup\MaximumSubarray.h">
      <Filter>Header Files\CareerCup\Array</Filter>
    </ClInclude>
    <ClInclude Include="Include\leetcode\MinStack.h">
      <Filter>Header Files\leetcode</Filter>
    </ClInclude>
    <ClInclude Include="Include\leetcode\SlidingWindowMaximum.h">
      <Filter>Header Files\leetcode</Filter>
    </ClInclude>
    <ClInclude Include="Include\leetcode\PopulatingNextRightNodeInEachNode.h">
      <Filter>Header Files\leetcode</Filter>
    </ClInclude>
    <ClInclude Include="Include\leetcode\PalindromLinkedList.h">
      <Filter>Header Files\leetcode</Filter>
    </ClInclude>
    <ClInclude Include="Include\leetcode\ValidPalindrome.h">
      <Filter>Header Files\leetcode</Filter>
    </ClInclude>
    <ClInclude Include="Include\CareerCup\Multiplication.h">
      <Filter>Header Files\CareerCup\BitsManipulation</Filter>
    </ClInclude>
    <ClInclude Include="Include\leetcode\LetterCombinationsPhoneNumber.h">
      <Filter>Header Files\leetcode</Filter>
    </ClInclude>
    <ClInclude Include="Include\leetcode\MultiplyStrings.h">
      <Filter>Header Files\leetcode</Filter>
    </ClInclude>
    <ClInclude Include="Include\leetcode\DifferentWaysAddParentheses.h">
      <Filter>Header Files\leetcode</Filter>
    </ClInclude>
    <ClInclude Include="Include\leetcode\PlusOne.h">
      <Filter>Header Files\leetcode</Filter>
    </ClInclude>
    <ClInclude Include="Include\leetcode\StringToInteger.h">
      <Filter>Header Files\leetcode</Filter>
    </ClInclude>
    <ClInclude Include="Include\CareerCup\LongestIncreasingSubSequence.h">
      <Filter>Header Files\CareerCup\DP</Filter>
    </ClInclude>
    <ClInclude Include="Include\CareerCup\ExpressionEvaluation.h">
      <Filter>Header Files\CareerCup\String</Filter>
    </ClInclude>
    <ClInclude Include="Include\CareerCup\LongestCommonSubsequence.h">
      <Filter>Header Files\CareerCup\DP</Filter>
    </ClInclude>
    <ClInclude Include="Include\CareerCup\KMP.h">
      <Filter>Header Files\CareerCup\String</Filter>
    </ClInclude>
    <ClInclude Include="Include\lintcode\MaximumSubarraySum.h">
      <Filter>Header Files\lintcode</Filter>
    </ClInclude>
    <ClInclude Include="Include\leetcode\NextPermutation.h">
      <Filter>Header Files\leetcode</Filter>
    </ClInclude>
    <ClInclude Include="Include\lintcode\Rehashing.h">
      <Filter>Header Files\lintcode</Filter>
    </ClInclude>
    <ClInclude Include="Include\lintcode\RemoveElement.h">
      <Filter>Header Files\lintcode</Filter>
    </ClInclude>
    <ClInclude Include="Include\leetcode\RestoreIPAddresses.h">
      <Filter>Header Files\leetcode</Filter>
    </ClInclude>
    <ClInclude Include="Include\lintcode\RouteBetweenTwoNodesInGraph.h">
      <Filter>Header Files\lintcode</Filter>
    </ClInclude>
    <ClInclude Include="Include\leetcode\ReverseNodesInKGroup.h">
      <Filter>Header Files\leetcode</Filter>
    </ClInclude>
    <ClInclude Include="Include\leetcode\SearchInRoatedSortedArray.h">
      <Filter>Header Files\leetcode</Filter>
    </ClInclude>
    <ClInclude Include="Include\lintcode\SortLetters.h">
      <Filter>Header Files\lintcode</Filter>
    </ClInclude>
    <ClInclude Include="Include\lintcode\SpaceReplacement.h">
      <Filter>Header Files\lintcode</Filter>
    </ClInclude>
    <ClInclude Include="Include\leetcode\Sqrt.h">
      <Filter>Header Files\lintcode</Filter>
    </ClInclude>
    <ClInclude Include="Include\CareerCup\StringExpressionToTree.h">
      <Filter>Header Files\CareerCup\Tree</Filter>
    </ClInclude>
    <ClInclude Include="Include\lintcode\WoodCut.h">
      <Filter>Header Files\lintcode\BinarySearch</Filter>
    </ClInclude>
    <ClInclude Include="Include\leetcode\SingleNumber.h">
      <Filter>Header Files\leetcode</Filter>
    </ClInclude>
    <ClInclude Include="Include\leetcode\SimplifyPath.h">
      <Filter>Header Files\leetcode</Filter>
    </ClInclude>
    <ClInclude Include="Include\lintcode\BackPack.h">
      <Filter>Header Files\lintcode\DP</Filter>
    </ClInclude>
    <ClInclude Include="Include\lintcode\FindPeakElement.h">
      <Filter>Header Files\lintcode\BinarySearch</Filter>
    </ClInclude>
    <ClInclude Include="Include\lintcode\FlipBits.h">
      <Filter>Header Files\lintcode\BitAndMath</Filter>
    </ClInclude>
    <ClInclude Include="Include\lintcode\BinaryRepresentation.h">
      <Filter>Header Files\lintcode\BitAndMath</Filter>
    </ClInclude>
    <ClInclude Include="Include\lintcode\TrailingZeros.h">
      <Filter>Header Files\lintcode\BitAndMath</Filter>
    </ClInclude>
    <ClInclude Include="Include\CareerCup\BinaryToHex.h">
      <Filter>Header Files\CareerCup\String</Filter>
    </ClInclude>
    <ClInclude Include="Include\CareerCup\Anagram.h">
      <Filter>Header Files\CareerCup\String</Filter>
    </ClInclude>
    <ClInclude Include="Include\CareerCup\ClosestPairs.h">
      <Filter>Header Files\CareerCup\DivideConquer</Filter>
    </ClInclude>
    <ClInclude Include="Include\CareerCup\MaximumDistanceInArray.h">
      <Filter>Header Files\CareerCup\Array</Filter>
    </ClInclude>
    <ClInclude Include="Include\CareerCup\MergeSortLinkedList.h">
      <Filter>Header Files\CareerCup\Linked List</Filter>
    </ClInclude>
    <ClInclude Include="Include\CareerCup\RemoveDuplicatesInLinkedList.h">
      <Filter>Header Files\CareerCup\Linked List</Filter>
    </ClInclude>
    <ClInclude Include="Include\CareerCup\LargeFactorial.h">
      <Filter>Header Files\CareerCup\Array</Filter>
    </ClInclude>
    <ClInclude Include="Include\lintcode\AssignmentOperatorOverload.h">
      <Filter>Header Files\lintcode</Filter>
    </ClInclude>
    <ClInclude Include="Include\lintcode\ExpressionTreeBuild.h">
      <Filter>Header Files\lintcode\String</Filter>
    </ClInclude>
    <ClInclude Include="Include\lintcode\ConvertExpressionToReversePolish.h">
      <Filter>Header Files\lintcode\String</Filter>
    </ClInclude>
    <ClInclude Include="Include\lintcode\ExpressionEvaluation.h">
      <Filter>Header Files\lintcode\String</Filter>
    </ClInclude>
    <ClInclude Include="Include\CareerCup\IntToBinary.h">
      <Filter>Header Files\CareerCup\BitsManipulation</Filter>
    </ClInclude>
    <ClInclude Include="Include\lintcode\ConvertSortedListToBST.h">
      <Filter>Header Files\lintcode\Linked List</Filter>
    </ClInclude>
    <ClInclude Include="Include\DataStructure\BinaryTree.h">
      <Filter>Header Files\DataStructure\Tree</Filter>
    </ClInclude>
    <ClInclude Include="Include\DataStructure\RedBlackTree.h">
      <Filter>Header Files\DataStructure\Tree</Filter>
    </ClInclude>
    <ClInclude Include="Include\DataStructure\BinarySearchTree.h">
      <Filter>Header Files\DataStructure\Tree</Filter>
    </ClInclude>
    <ClInclude Include="Include\CareerCup\VerifySquenceOfBST.h">
      <Filter>Header Files\CareerCup\Tree</Filter>
    </ClInclude>
    <ClInclude Include="Include\DataStructure\IntervalTree.h">
      <Filter>Header Files\DataStructure\Tree</Filter>
    </ClInclude>
    <ClInclude Include="Include\CareerCup\SegmentTreeSubarraySum.h">
      <Filter>Header Files\CareerCup\Tree</Filter>
    </ClInclude>
    <ClInclude Include="Include\lintcode\SegmentTree.h">
      <Filter>Header Files\lintcode\Tree</Filter>
    </ClInclude>
    <ClInclude Include="Include\lintcode\Find theConnectedComponent.h">
      <Filter>Header Files\lintcode\Graph</Filter>
    </ClInclude>
    <ClInclude Include="Include\lintcode\Median.h">
      <Filter>Header Files\lintcode\BinarySearch</Filter>
    </ClInclude>
    <ClInclude Include="Include\CareerCup\ZigZag.h">
      <Filter>Header Files\CareerCup\DP</Filter>
    </ClInclude>
    <ClInclude Include="Include\CareerCup\BadNeighbors.h">
      <Filter>Header Files\CareerCup\DP</Filter>
    </ClInclude>
    <ClInclude Include="Include\CareerCup\CuttingRod.h">
      <Filter>Header Files\CareerCup\DP</Filter>
    </ClInclude>
    <ClInclude Include="Include\leetcode\DistinctSubsequences.h">
      <Filter>Header Files\leetcode</Filter>
    </ClInclude>
    <ClInclude Include="Include\lintcode\MaximalSquare.h">
      <Filter>Header Files\lintcode\DP</Filter>
    </ClInclude>
    <ClInclude Include="Include\CareerCup\MatrixChainMultiplication.h">
      <Filter>Header Files\CareerCup\DP</Filter>
    </ClInclude>
    <ClInclude Include="Include\leetcode\ShortestPalindrome.h">
      <Filter>Header Files\leetcode</Filter>
    </ClInclude>
    <ClInclude Include="Include\CareerCup\ShortestPathWithMoney.h">
      <Filter>Header Files\CareerCup\DP</Filter>
    </ClInclude>
    <ClInclude Include="Include\lintcode\GasStation.h">
      <Filter>Header Files\lintcode\Greedy</Filter>
    </ClInclude>
    <ClInclude Include="Include\lintcode\DeleteKDigits.h">
      <Filter>Header Files\lintcode\Greedy</Filter>
    </ClInclude>
    <ClInclude Include="Include\lintcode\InsertionSortList.h">
      <Filter>Header Files\lintcode\Linked List</Filter>
    </ClInclude>
    <ClInclude Include="Include\lintcode\SortList.h">
      <Filter>Header Files\lintcode\Linked List</Filter>
    </ClInclude>
    <ClInclude Include="Include\CareerCup\TwoSumInBST.h">
      <Filter>Header Files\CareerCup\Tree</Filter>
    </ClInclude>
    <ClInclude Include="Include\CareerCup\TreeSerialization.h">
      <Filter>Header Files\CareerCup\Tree</Filter>
    </ClInclude>
    <ClInclude Include="Include\CareerCup\PartitionProblem.h">
      <Filter>Header Files\CareerCup\DP</Filter>
    </ClInclude>
    <ClInclude Include="Include\CareerCup\ActivitySelection.h">
      <Filter>Header Files\CareerCup\Greedy</Filter>
    </ClInclude>
    <ClInclude Include="Include\CareerCup\HuffmanCoding.h">
      <Filter>Header Files\CareerCup\Greedy</Filter>
    </ClInclude>
    <ClInclude Include="Include\CareerCup\StringPartition.h">
      <Filter>Header Files\CareerCup\String</Filter>
    </ClInclude>
    <ClInclude Include="Include\CareerCup\PaintersPartition.h">
      <Filter>Header Files\CareerCup\DP</Filter>
    </ClInclude>
    <ClInclude Include="Include\leetcode\ExpressionAddOperators.h">
      <Filter>Header Files\leetcode</Filter>
    </ClInclude>
    <ClInclude Include="Include\leetcode\NimGame.h">
      <Filter>Header Files\leetcode</Filter>
    </ClInclude>
    <ClInclude Include="Include\lintcode\Combination.h">
      <Filter>Header Files\lintcode\Recursion</Filter>
    </ClInclude>
    <ClInclude Include="Include\lintcode\NQueen.h">
      <Filter>Header Files\lintcode\Recursion</Filter>
    </ClInclude>
    <ClInclude Include="Include\CareerCup\FindCommonNodesInTwoBST.h">
      <Filter>Header Files\CareerCup\Tree</Filter>
    </ClInclude>
    <ClInclude Include="Include\lintcode\SubSet2.h">
      <Filter>Header Files\lintcode\Recursion</Filter>
    </ClInclude>
    <ClInclude Include="Include\lintcode\Permutation.h">
      <Filter>Header Files\lintcode\Recursion</Filter>
    </ClInclude>
    <ClInclude Include="Include\lintcode\WordLadder2.h">
      <Filter>Header Files\lintcode\Recursion</Filter>
    </ClInclude>
    <ClInclude Include="Include\lintcode\SubarraySum.h">
      <Filter>Header Files\lintcode\Array</Filter>
    </ClInclude>
    <ClInclude Include="Include\lintcode\SubarraySumClosest.h">
      <Filter>Header Files\lintcode\Array</Filter>
    </ClInclude>
    <ClInclude Include="Include\lintcode\ThreeSumClosest.h">
      <Filter>Header Files\lintcode\Array</Filter>
    </ClInclude>
    <ClInclude Include="Include\lintcode\MaximumSubarrayDifference.h">
      <Filter>Header Files\lintcode\Array</Filter>
    </ClInclude>
    <ClInclude Include="Include\lintcode\MaximumProductSubarray.h">
      <Filter>Header Files\lintcode\Array</Filter>
    </ClInclude>
    <ClInclude Include="Include\leetcode\InterleavingString.h">
      <Filter>Header Files\leetcode</Filter>
    </ClInclude>
    <ClInclude Include="Include\lintcode\LongestConsecutiveSequence.h">
      <Filter>Header Files\lintcode\DataStructure</Filter>
    </ClInclude>
    <ClInclude Include="Include\leetcode\UglyNumber.h">
      <Filter>Header Files\leetcode</Filter>
    </ClInclude>
    <ClInclude Include="Include\leetcode\MergeIntervals.h">
      <Filter>Header Files\leetcode</Filter>
    </ClInclude>
    <ClInclude Include="Include\leetcode\MaxGap.h">
      <Filter>Header Files\leetcode</Filter>
    </ClInclude>
    <ClInclude Include="Include\leetcode\RotateImage.h">
      <Filter>Header Files\leetcode</Filter>
    </ClInclude>
    <ClInclude Include="Include\leetcode\GenerateParenthesis.h">
      <Filter>Header Files\leetcode</Filter>
    </ClInclude>
    <ClInclude Include="Include\CareerCup\FloodFill.h">
      <Filter>Header Files\CareerCup\DFS BFS</Filter>
    </ClInclude>
    <ClInclude Include="Include\CareerCup\LandingZero.h">
      <Filter>Header Files\CareerCup\DFS BFS</Filter>
    </ClInclude>
    <ClInclude Include="Include\leetcode\HIndex.h">
      <Filter>Header Files\leetcode</Filter>
    </ClInclude>
    <ClInclude Include="Include\leetcode\ClosestBinarySearchTreeValue.h">
      <Filter>Header Files\leetcode</Filter>
    </ClInclude>
    <ClInclude Include="Include\leetcode\SearchForRange.h">
      <Filter>Header Files\leetcode</Filter>
    </ClInclude>
    <ClInclude Include="Include\leetcode\IntegerToRoman.h">
      <Filter>Header Files\leetcode</Filter>
    </ClInclude>
    <ClInclude Include="Include\leetcode\GameOfLife.h">
      <Filter>Header Files\leetcode</Filter>
    </ClInclude>
    <ClInclude Include="Include\lintcode\PreviousPermutation.h">
      <Filter>Header Files\lintcode\Greedy</Filter>
    </ClInclude>
    <ClInclude Include="Include\leetcode\FindMedianInDataStream.h">
      <Filter>Header Files\leetcode</Filter>
    </ClInclude>
    <ClInclude Include="Include\leetcode\PalindromePermutation.h">
      <Filter>Header Files\leetcode</Filter>
    </ClInclude>
    <ClInclude Include="Include\leetcode\ShortestWordDistance.h">
      <Filter>Header Files\leetcode</Filter>
    </ClInclude>
    <ClInclude Include="Include\leetcode\Permutation.h">
      <Filter>Header Files\leetcode</Filter>
    </ClInclude>
    <ClInclude Include="Include\CareerCup\StringPermutation.h">
      <Filter>Header Files\CareerCup</Filter>
    </ClInclude>
    <ClInclude Include="Include\leetcode\PermutationSequence.h">
      <Filter>Header Files\leetcode</Filter>
    </ClInclude>
    <ClInclude Include="Include\leetcode\FindCelebrity.h">
      <Filter>Header Files\leetcode</Filter>
    </ClInclude>
    <ClInclude Include="Include\leetcode\CombinationSum.h">
      <Filter>Header Files\leetcode</Filter>
    </ClInclude>
    <ClInclude Include="Include\CareerCup\GCD.h">
      <Filter>Header Files\CareerCup\Amazon</Filter>
    </ClInclude>
    <ClInclude Include="Include\CareerCup\MaxSumGame.h">
      <Filter>Header Files\CareerCup\Google</Filter>
    </ClInclude>
    <ClInclude Include="Include\leetcode\MeetingRooms.h">
      <Filter>Header Files\leetcode</Filter>
    </ClInclude>
    <ClInclude Include="Include\CareerCup\ShortestPath.h">
      <Filter>Header Files\CareerCup\Graph</Filter>
    </ClInclude>
    <ClInclude Include="Include\CareerCup\MinimumSpanningTree.h">
      <Filter>Header Files\CareerCup\Graph</Filter>
    </ClInclude>
    <ClInclude Include="Include\leetcode\WildcardMatching.h">
      <Filter>Header Files\leetcode</Filter>
    </ClInclude>
    <ClInclude Include="Include\leetcode\BinaryTreeLongestConsecutiveSequence.h">
      <Filter>Header Files\leetcode</Filter>
    </ClInclude>
    <ClInclude Include="Include\leetcode\CountAndSay.h">
      <Filter>Header Files\leetcode</Filter>
    </ClInclude>
    <ClInclude Include="Include\leetcode\EncodeAndDecodeString.h">
      <Filter>Header Files\leetcode</Filter>
    </ClInclude>
    <ClInclude Include="Include\leetcode\Flatten2DVector.h">
      <Filter>Header Files\leetcode</Filter>
    </ClInclude>
    <ClInclude Include="Include\leetcode\InorderSuccessorInBST.h">
      <Filter>Header Files\leetcode</Filter>
    </ClInclude>
    <ClInclude Include="Include\leetcode\BinaryTreeUpsideDown.h">
      <Filter>Header Files\leetcode</Filter>
    </ClInclude>
    <ClInclude Include="Include\leetcode\BestMeetingPoint.h">
      <Filter>Header Files\leetcode</Filter>
    </ClInclude>
    <ClInclude Include="Include\lintcode\PostOfficeProblem.h">
      <Filter>Header Files\lintcode\DP</Filter>
    </ClInclude>
    <ClInclude Include="Include\leetcode\OneEditDistance.h">
      <Filter>Header Files\leetcode</Filter>
    </ClInclude>
    <ClInclude Include="Include\leetcode\LongestCommonPrefix.h">
      <Filter>Header Files\leetcode</Filter>
    </ClInclude>
    <ClInclude Include="Include\leetcode\VerifyPreorderSequenceBST.h">
      <Filter>Header Files\leetcode</Filter>
    </ClInclude>
    <ClInclude Include="Include\leetcode\GroupShiftedString.h">
      <Filter>Header Files\leetcode</Filter>
    </ClInclude>
    <ClInclude Include="Include\leetcode\FlipGame.h">
      <Filter>Header Files\leetcode</Filter>
    </ClInclude>
    <ClInclude Include="Include\leetcode\LongestSubstringwithAtMostTwoDistinctCharacters.h">
      <Filter>Header Files\leetcode</Filter>
    </ClInclude>
    <ClInclude Include="Include\leetcode\RotateArray.h">
      <Filter>Header Files\leetcode</Filter>
    </ClInclude>
    <ClInclude Include="Include\leetcode\PerfectSquares.h">
      <Filter>Header Files\leetcode</Filter>
    </ClInclude>
    <ClInclude Include="Include\leetcode\PaintFence.h">
      <Filter>Header Files\leetcode</Filter>
    </ClInclude>
    <ClInclude Include="Include\leetcode\PaintHouse.h">
      <Filter>Header Files\leetcode</Filter>
    </ClInclude>
    <ClInclude Include="Include\leetcode\RangeSumQuery.h">
      <Filter>Header Files\leetcode</Filter>
    </ClInclude>
    <ClInclude Include="Include\leetcode\CourseSchedule.h">
      <Filter>Header Files\leetcode</Filter>
    </ClInclude>
    <ClInclude Include="Include\CareerCup\DetectCycle.h">
      <Filter>Header Files\CareerCup\Graph</Filter>
    </ClInclude>
    <ClInclude Include="Include\leetcode\AlienDictionary.h">
      <Filter>Header Files\leetcode</Filter>
    </ClInclude>
    <ClInclude Include="Include\CareerCup\FindKthTopResult.h">
      <Filter>Header Files\CareerCup\Array</Filter>
    </ClInclude>
    <ClInclude Include="Include\leetcode\MedianofTwoSortedArrays.h">
      <Filter>Header Files\leetcode</Filter>
    </ClInclude>
    <ClInclude Include="Include\leetcode\SmallestRectangleEnclosingBlackPixels.h">
      <Filter>Header Files\leetcode</Filter>
    </ClInclude>
    <ClInclude Include="Include\leetcode\ThreeSumClosest.h">
      <Filter>Header Files\leetcode</Filter>
    </ClInclude>
    <ClInclude Include="Include\leetcode\GraphValidTree.h">
      <Filter>Header Files\leetcode</Filter>
    </ClInclude>
    <ClInclude Include="Include\leetcode\PascalTriangle.h">
      <Filter>Header Files\leetcode</Filter>
    </ClInclude>
    <ClInclude Include="Include\leetcode\RemoveDuplicateFromSortedList.h">
      <Filter>Header Files\leetcode</Filter>
    </ClInclude>
    <ClInclude Include="Include\DataStructure\Trie.h">
      <Filter>Header Files\DataStructure</Filter>
    </ClInclude>
    <ClInclude Include="Include\leetcode\AddAndSearchWord.h">
      <Filter>Header Files\leetcode</Filter>
    </ClInclude>
    <ClInclude Include="Include\CareerCup\MaximumSumSegmentQuery.h">
      <Filter>Header Files\CareerCup\Array</Filter>
    </ClInclude>
    <ClInclude Include="Include\leetcode\MinimumWindowSubstring.h">
      <Filter>Header Files\leetcode</Filter>
    </ClInclude>
    <ClInclude Include="Include\leetcode\MinimumSizeSubarraySum.h">
      <Filter>Header Files\leetcode</Filter>
    </ClInclude>
    <ClInclude Include="Include\leetcode\AdditiveNumber.h">
      <Filter>Header Files\leetcode</Filter>
    </ClInclude>
    <ClInclude Include="Include\leetcode\WordPattern.h">
      <Filter>Header Files\leetcode</Filter>
    </ClInclude>
    <ClInclude Include="Include\leetcode\ZigZagIterator.h">
      <Filter>Header Files\leetcode</Filter>
    </ClInclude>
    <ClInclude Include="Include\leetcode\BullsAndCows.h">
      <Filter>Header Files\leetcode</Filter>
    </ClInclude>
    <ClInclude Include="Include\leetcode\WiggleSort.h">
      <Filter>Header Files\leetcode</Filter>
    </ClInclude>
    <ClInclude Include="Include\leetcode\SkylineProblem.h">
      <Filter>Header Files\leetcode</Filter>
    </ClInclude>
    <ClInclude Include="Include\leetcode\BurstBalloons.h">
      <Filter>Header Files\leetcode</Filter>
    </ClInclude>
    <ClInclude Include="Include\leetcode\BinaryTreePath.h">
      <Filter>Header Files\leetcode</Filter>
    </ClInclude>
    <ClInclude Include="Include\leetcode\SerializeAndDeserializeBinaryTree.h">
      <Filter>Header Files\leetcode</Filter>
    </ClInclude>
    <ClInclude Include="Include\leetcode\PeekingIterator.h">
      <Filter>Header Files\leetcode</Filter>
    </ClInclude>
    <ClInclude Include="Include\leetcode\UniqueWordAbbreviation.h">
      <Filter>Header Files\leetcode</Filter>
    </ClInclude>
    <ClInclude Include="Include\leetcode\RemoveDuplicateLetters.h">
      <Filter>Header Files\leetcode</Filter>
    </ClInclude>
    <ClInclude Include="Include\leetcode\StrobogrammaticNumber.h">
      <Filter>Header Files\leetcode</Filter>
    </ClInclude>
    <ClInclude Include="Include\leetcode\TwoSumDesign.h">
      <Filter>Header Files\leetcode</Filter>
    </ClInclude>
    <ClInclude Include="Include\leetcode\BinaryTreeVerticalOrderTraversal.h">
      <Filter>Header Files\leetcode</Filter>
    </ClInclude>
    <ClInclude Include="Include\leetcode\WordSearch.h">
      <Filter>Header Files\leetcode</Filter>
    </ClInclude>
    <ClInclude Include="Include\leetcode\ContainerWithMostWater.h">
      <Filter>Header Files\leetcode</Filter>
    </ClInclude>
    <ClInclude Include="Include\leetcode\ReadNCharactersGivenRead4.h">
      <Filter>Header Files\leetcode</Filter>
    </ClInclude>
    <ClInclude Include="Include\leetcode\MaximumSizeSubarraySumEqualsk.h">
      <Filter>Header Files\leetcode</Filter>
    </ClInclude>
    <ClInclude Include="Include\leetcode\IntegerToEnglish.h">
      <Filter>Header Files\leetcode</Filter>
    </ClInclude>
    <ClInclude Include="Include\leetcode\CreateMaximumNumber.h">
      <Filter>Header Files\leetcode</Filter>
    </ClInclude>
    <ClInclude Include="Include\leetcode\FactorCombination.h">
      <Filter>Header Files\leetcode</Filter>
    </ClInclude>
    <ClInclude Include="Include\leetcode\PowerOfThree.h">
      <Filter>Header Files\leetcode</Filter>
    </ClInclude>
    <ClInclude Include="Include\leetcode\CoinChange.h">
      <Filter>Header Files\leetcode</Filter>
    </ClInclude>
    <ClInclude Include="Include\leetcode\ShortestDistanceFromAllBuildings.h">
      <Filter>Header Files\leetcode</Filter>
    </ClInclude>
    <ClInclude Include="Include\CareerCup\RobotMergeProblem.h">
      <Filter>Header Files\CareerCup\DFS BFS</Filter>
    </ClInclude>
    <ClInclude Include="Include\leetcode\RemoveInvalidParentheses.h">
      <Filter>Header Files\leetcode</Filter>
    </ClInclude>
    <ClInclude Include="Include\leetcode\SparseMatrixMultiplication.h">
      <Filter>Header Files\leetcode</Filter>
    </ClInclude>
    <ClInclude Include="Include\leetcode\RecoverBinarySearchTree.h">
      <Filter>Header Files\leetcode</Filter>
    </ClInclude>
    <ClInclude Include="Include\leetcode\NumberOfConnectedComponentsUndirectedGraph.h">
      <Filter>Header Files\leetcode</Filter>
    </ClInclude>
    <ClInclude Include="Include\leetcode\OddEvenLinkedList.h">
      <Filter>Header Files\leetcode</Filter>
    </ClInclude>
    <ClInclude Include="Include\leetcode\ValidNumeric.h">
      <Filter>Header Files\leetcode</Filter>
    </ClInclude>
    <ClInclude Include="Include\leetcode\TextJustification.h">
      <Filter>Header Files\leetcode</Filter>
    </ClInclude>
    <ClInclude Include="Include\leetcode\FindDuplicateNumber.h">
      <Filter>Header Files\leetcode</Filter>
    </ClInclude>
    <ClInclude Include="Include\leetcode\ScrambleString.h">
      <Filter>Header Files\leetcode</Filter>
    </ClInclude>
    <ClInclude Include="Include\leetcode\WallsAndGates.h">
      <Filter>Header Files\leetcode</Filter>
    </ClInclude>
    <ClInclude Include="Include\leetcode\CountUnivalueSubtrees.h">
      <Filter>Header Files\leetcode</Filter>
    </ClInclude>
    <ClInclude Include="Include\leetcode\ReconstructItinerary.h">
      <Filter>Header Files\leetcode</Filter>
    </ClInclude>
    <ClInclude Include="Include\leetcode\MaximumProductofWordLengths.h">
      <Filter>Header Files\leetcode</Filter>
    </ClInclude>
    <ClInclude Include="Include\CareerCup\TopKSlidingWindow.h">
      <Filter>Header Files\CareerCup\Google</Filter>
    </ClInclude>
    <ClInclude Include="Include\leetcode\LongestIncreasingPathMatrix.h">
      <Filter>Header Files\leetcode</Filter>
    </ClInclude>
    <ClInclude Include="Include\leetcode\FractionToRecurringDecimal.h">
      <Filter>Header Files\leetcode</Filter>
    </ClInclude>
    <ClInclude Include="Include\leetcode\NumberOfDigitOne.h">
      <Filter>Header Files\leetcode</Filter>
    </ClInclude>
    <ClInclude Include="Include\leetcode\MissingRange.h">
      <Filter>Header Files\leetcode</Filter>
    </ClInclude>
    <ClInclude Include="Include\leetcode\UniquePath.h">
      <Filter>Header Files\leetcode</Filter>
    </ClInclude>
    <ClInclude Include="Include\CareerCup\CardDeck.h">
      <Filter>Header Files\CareerCup\OO Design</Filter>
    </ClInclude>
    <ClInclude Include="Include\CareerCup\PhoneCallDipatch.h">
      <Filter>Header Files\CareerCup\OO Design</Filter>
    </ClInclude>
    <ClInclude Include="Include\CareerCup\ReplaceSpaceInString.h">
      <Filter>Header Files\CareerCup\String</Filter>
    </ClInclude>
    <ClInclude Include="Include\leetcode\LargestRectangleInHistogram.h">
      <Filter>Header Files\leetcode</Filter>
    </ClInclude>
    <ClInclude Include="Include\leetcode\VerifyPreorderSerializationBinaryTree.h">
      <Filter>Header Files\leetcode</Filter>
    </ClInclude>
    <ClInclude Include="Include\leetcode\IncreasingTripletSubsequence.h">
      <Filter>Header Files\leetcode</Filter>
    </ClInclude>
    <ClInclude Include="Include\leetcode\SelfCrossing.h">
      <Filter>Header Files\leetcode</Filter>
    </ClInclude>
    <ClInclude Include="Include\leetcode\GeneralizedAbbreviation.h">
      <Filter>Header Files\leetcode</Filter>
    </ClInclude>
    <ClInclude Include="Include\leetcode\LargestBSTSubtree.h">
      <Filter>Header Files\leetcode</Filter>
    </ClInclude>
    <ClInclude Include="Debug.h">
      <Filter>Header Files</Filter>
    </ClInclude>
    <ClInclude Include="Include\leetcode\WordSearch2.h">
      <Filter>Header Files\leetcode</Filter>
    </ClInclude>
    <ClInclude Include="Include\leetcode\MinimumHeightTrees.h">
      <Filter>Header Files\leetcode</Filter>
    </ClInclude>
    <ClInclude Include="Include\leetcode\PatchingArray.h">
      <Filter>Header Files\leetcode</Filter>
    </ClInclude>
  </ItemGroup>
  <ItemGroup>
    <ClCompile Include="stdafx.cpp">
      <Filter>Source Files</Filter>
    </ClCompile>
    <ClCompile Include="CPP.cpp">
      <Filter>Source Files</Filter>
    </ClCompile>
  </ItemGroup>
</Project>